
Microsoft Visual Studio Solution File, Format Version 12.00
# Visual Studio Express 2012 for Web
Project("{FAE04EC0-301F-11D3-BF4B-00C04F79EFBC}") = "WeatherApi", "WeatherApi\WeatherApi.csproj", "{B25DC638-FDE5-4EE3-A6C6-065D244A53EA}"
EndProject
Global
	GlobalSection(SolutionConfigurationPlatforms) = preSolution
		Debug|Any CPU = Debug|Any CPU
		Release|Any CPU = Release|Any CPU
	EndGlobalSection
	GlobalSection(ProjectConfigurationPlatforms) = postSolution
		{B25DC638-FDE5-4EE3-A6C6-065D244A53EA}.Debug|Any CPU.ActiveCfg = Debug|Any CPU
		{B25DC638-FDE5-4EE3-A6C6-065D244A53EA}.Debug|Any CPU.Build.0 = Debug|Any CPU
		{B25DC638-FDE5-4EE3-A6C6-065D244A53EA}.Release|Any CPU.ActiveCfg = Release|Any CPU
		{B25DC638-FDE5-4EE3-A6C6-065D244A53EA}.Release|Any CPU.Build.0 = Release|Any CPU
	EndGlobalSection
	GlobalSection(SolutionProperties) = preSolution
		HideSolutionNode = FALSE
	EndGlobalSection
EndGlobal
